
Microsoft Visual Studio Solution File, Format Version 12.00
# Visual Studio 2015
Project("{FAE04EC0-301F-11D3-BF4B-00C04F79EFBC}") = "CharacterAnimation", "CharacterAnimation.csproj", "{3CBF00C9-0AB4-6781-993B-DDE8AB11CE76}"
EndProject
Project("{FAE04EC0-301F-11D3-BF4B-00C04F79EFBC}") = "CharacterAnimation.Editor", "CharacterAnimation.Editor.csproj", "{B399CD29-AFAC-211A-A70E-3C0171691E96}"
EndProject
Global
	GlobalSection(SolutionConfigurationPlatforms) = preSolution
		Debug|Any CPU = Debug|Any CPU
		Release|Any CPU = Release|Any CPU
	EndGlobalSection
	GlobalSection(ProjectConfigurationPlatforms) = postSolution
		{3CBF00C9-0AB4-6781-993B-DDE8AB11CE76}.Debug|Any CPU.ActiveCfg = Debug|Any CPU
		{3CBF00C9-0AB4-6781-993B-DDE8AB11CE76}.Debug|Any CPU.Build.0 = Debug|Any CPU
		{3CBF00C9-0AB4-6781-993B-DDE8AB11CE76}.Release|Any CPU.ActiveCfg = Release|Any CPU
		{3CBF00C9-0AB4-6781-993B-DDE8AB11CE76}.Release|Any CPU.Build.0 = Release|Any CPU
		{B399CD29-AFAC-211A-A70E-3C0171691E96}.Debug|Any CPU.ActiveCfg = Debug|Any CPU
		{B399CD29-AFAC-211A-A70E-3C0171691E96}.Debug|Any CPU.Build.0 = Debug|Any CPU
		{B399CD29-AFAC-211A-A70E-3C0171691E96}.Release|Any CPU.ActiveCfg = Release|Any CPU
		{B399CD29-AFAC-211A-A70E-3C0171691E96}.Release|Any CPU.Build.0 = Release|Any CPU
	EndGlobalSection
	GlobalSection(SolutionProperties) = preSolution
		HideSolutionNode = FALSE
	EndGlobalSection
EndGlobal
